
Microsoft Visual Studio Solution File, Format Version 12.00
# Visual Studio Version 17
VisualStudioVersion = 17.13.35825.156 d17.13
MinimumVisualStudioVersion = 10.0.40219.1
Project("{888888A0-9F3D-457C-B088-3A5042F75D52}") = "SendMessageFromGoogleSheets", "SendMessageFromGoogleSheets\SendMessageFromGoogleSheets.pyproj", "{2023F460-55AB-42E7-9203-3F4A3DF70991}"
EndProject
Global
	GlobalSection(SolutionConfigurationPlatforms) = preSolution
		Debug|Any CPU = Debug|Any CPU
		Release|Any CPU = Release|Any CPU
	EndGlobalSection
	GlobalSection(ProjectConfigurationPlatforms) = postSolution
		{2023F460-55AB-42E7-9203-3F4A3DF70991}.Debug|Any CPU.ActiveCfg = Debug|Any CPU
		{2023F460-55AB-42E7-9203-3F4A3DF70991}.Release|Any CPU.ActiveCfg = Release|Any CPU
	EndGlobalSection
	GlobalSection(SolutionProperties) = preSolution
		HideSolutionNode = FALSE
	EndGlobalSection
	GlobalSection(ExtensibilityGlobals) = postSolution
		SolutionGuid = {D52BD23C-3B83-41CD-B430-1FEF7568CEC4}
	EndGlobalSection
EndGlobal
